
Microsoft Visual Studio Solution File, Format Version 12.00
# Visual Studio Version 16
VisualStudioVersion = 16.0.29613.14
MinimumVisualStudioVersion = 10.0.40219.1
Project("{FAE04EC0-301F-11D3-BF4B-00C04F79EFBC}") = "PayNlSdk.Sdk", "PayNlSdk.Sdk\PayNlSdk.Sdk.csproj", "{D5489942-02BB-4081-BABC-E3F16E80427C}"
EndProject
Project("{FAE04EC0-301F-11D3-BF4B-00C04F79EFBC}") = "PayNlSdk.IntegrationTests", "PayNlSdk.IntegrationTests\PayNlSdk.IntegrationTests.csproj", "{BE9F1FAD-F0D8-427B-BCF8-E515FA2440D0}"
EndProject
Global
	GlobalSection(SolutionConfigurationPlatforms) = preSolution
		Debug|Any CPU = Debug|Any CPU
		Release|Any CPU = Release|Any CPU
	EndGlobalSection
	GlobalSection(ProjectConfigurationPlatforms) = postSolution
		{D5489942-02BB-4081-BABC-E3F16E80427C}.Debug|Any CPU.ActiveCfg = Debug|Any CPU
		{D5489942-02BB-4081-BABC-E3F16E80427C}.Debug|Any CPU.Build.0 = Debug|Any CPU
		{D5489942-02BB-4081-BABC-E3F16E80427C}.Release|Any CPU.ActiveCfg = Release|Any CPU
		{D5489942-02BB-4081-BABC-E3F16E80427C}.Release|Any CPU.Build.0 = Release|Any CPU
		{BE9F1FAD-F0D8-427B-BCF8-E515FA2440D0}.Debug|Any CPU.ActiveCfg = Debug|Any CPU
		{BE9F1FAD-F0D8-427B-BCF8-E515FA2440D0}.Debug|Any CPU.Build.0 = Debug|Any CPU
		{BE9F1FAD-F0D8-427B-BCF8-E515FA2440D0}.Release|Any CPU.ActiveCfg = Release|Any CPU
		{BE9F1FAD-F0D8-427B-BCF8-E515FA2440D0}.Release|Any CPU.Build.0 = Release|Any CPU
	EndGlobalSection
	GlobalSection(SolutionProperties) = preSolution
		HideSolutionNode = FALSE
	EndGlobalSection
	GlobalSection(ExtensibilityGlobals) = postSolution
		SolutionGuid = {2CB71854-FB91-4E82-B4AE-1D79F36E9FC9}
	EndGlobalSection
EndGlobal
